keyd
hyprland
hyprpaper
hypridle
waybar
rofi
swaync
pavucontrol
pipewire
pipewire-pulse
wireplumber
iw
wireless-regdb
wl-clipboard
grim
slurp
ghostty
zsh
neovim
yazi
git
gcc
openssh
man-db
man-pages
wikiman
tealdeer
fastfetch
unzip
less
wget
fzf
ripgrep
fd
ttf-monofur
ttf-jetbrains-mono-nerd
firefox
discord
steam
code
krita
reaper
surge-xt
